# THIS IS AN AUTOGENERATED FILE. DO NOT EDIT THIS FILE DIRECTLY.
# yarn lockfile v1


"@faker-js/faker@6.0.0-alpha.7":
  version "6.0.0-alpha.7"
  resolved "https://registry.yarnpkg.com/@faker-js/faker/-/faker-6.0.0-alpha.7.tgz#d4383b10c5cd35ec02fafd1bc472b2f85c306cf5"
  integrity sha512-T2nYE8+EfzfkRMLMSm7UvgC7fZ2KkKEyCMeyPVS0q2cuvENbt1SjWyu0bOJ0JqBbTs1g+gYMWMFMXspWlzNVmQ==

"@types/faker@^6.6.9":
  version "6.6.9"
  resolved "https://registry.yarnpkg.com/@types/faker/-/faker-6.6.9.tgz#1064e7c46be58388fa326e2f918a4f02ab740a7a"
  integrity sha512-Y9YYm5L//8ooiiknO++4Gr539zzdI0j3aXnOBjo1Vk+kTvffY10GuE2wn78AFPECwZ5MYGTjiDVw1naLLdDimw==
  dependencies:
    faker "*"

"@types/node@^17.0.21":
  version "17.0.21"
  resolved "https://registry.yarnpkg.com/@types/node/-/node-17.0.21.tgz#864b987c0c68d07b4345845c3e63b75edd143644"
  integrity sha512-DBZCJbhII3r90XbQxI8Y9IjjiiOGlZ0Hr32omXIZvwwZ7p4DMMXGrKXVyPfuoBOri9XNtL0UK69jYIBIsRX3QQ==

faker@*:
  version "6.6.6"
  resolved "https://registry.yarnpkg.com/faker/-/faker-6.6.6.tgz#e9529da0109dca4c7c5dbfeaadbd9234af943033"
  integrity sha512-9tCqYEDHI5RYFQigXFwF1hnCwcWCOJl/hmll0lr5D2Ljjb0o4wphb69wikeJDz5qCEzXCoPvG6ss5SDP6IfOdg==

lowdb@^3.0.0:
  version "3.0.0"
  resolved "https://registry.yarnpkg.com/lowdb/-/lowdb-3.0.0.tgz#c10ab4e7eb86f1cbe255e35e60ffb0c6f42049e0"
  integrity sha512-9KZRulmIcU8fZuWiaM0d5e2/nPnrFyXkeXVpqT+MJS+vgbgOf1EbtvgQmba8HwUFgDl1oeZR6XqEJnkJmQdKmg==
  dependencies:
    steno "^2.1.0"

steno@^2.1.0:
  version "2.1.0"
  resolved "https://registry.yarnpkg.com/steno/-/steno-2.1.0.tgz#05a9c378ce42ed04f642cda6fcb41787a10e4e33"
  integrity sha512-mauOsiaqTNGFkWqIfwcm3y/fq+qKKaIWf1vf3ocOuTdco9XoHCO2AGF1gFYXuZFSWuP38Q8LBHBGJv2KnJSXyA==

typescript@^4.6.2:
  version "4.6.2"
  resolved "https://registry.yarnpkg.com/typescript/-/typescript-4.6.2.tgz#fe12d2727b708f4eef40f51598b3398baa9611d4"
  integrity sha512-HM/hFigTBHZhLXshn9sN37H085+hQGeJHJ/X7LpBWLID/fbc2acUMfU+lGD98X81sKP+pFa9f0DZmCwB9GnbAg==
